
Microsoft Visual Studio Solution File, Format Version 12.00
# Visual Studio 15
VisualStudioVersion = 15.0.28307.271
MinimumVisualStudioVersion = 10.0.40219.1
Project("{FAE04EC0-301F-11D3-BF4B-00C04F79EFBC}") = "Shop.Common", "Shop.Common\Shop.Common.csproj", "{259C3922-4610-41B2-B59E-7E0704C0ECE1}"
EndProject
Project("{2150E333-8FDC-42A3-9474-1A3956D46DE8}") = "Backend", "Backend", "{778CC2ED-6D19-4BDF-9D6E-A9CA5FD3D00A}"
EndProject
Project("{2150E333-8FDC-42A3-9474-1A3956D46DE8}") = "Frontend", "Frontend", "{F4636529-0300-4F1A-B567-0BDBC51FE69D}"
EndProject
Project("{FAE04EC0-301F-11D3-BF4B-00C04F79EFBC}") = "Shop.Web", "Shop.Web\Shop.Web.csproj", "{15333EF6-197A-48D1-844C-D94DFB1624EC}"
EndProject
Project("{2150E333-8FDC-42A3-9474-1A3956D46DE8}") = "Forms", "Forms", "{2A3D374A-287A-48E0-AAB6-DDBAEDFF205E}"
EndProject
Project("{2150E333-8FDC-42A3-9474-1A3956D46DE8}") = "Classic", "Classic", "{496C0F88-53CD-48ED-A202-CB43796B1C0D}"
EndProject
Project("{FAE04EC0-301F-11D3-BF4B-00C04F79EFBC}") = "Shop.UIForms.Android", "Shop.UIForms\Shop.UIForms.Android\Shop.UIForms.Android.csproj", "{E5444764-5ABF-4958-AAA4-F5CAE6828518}"
EndProject
Project("{FAE04EC0-301F-11D3-BF4B-00C04F79EFBC}") = "Shop.UIForms.iOS", "Shop.UIForms\Shop.UIForms.iOS\Shop.UIForms.iOS.csproj", "{DD93AA60-D82F-4284-83A4-3F7029FF7B30}"
EndProject
Project("{FAE04EC0-301F-11D3-BF4B-00C04F79EFBC}") = "Shop.UIForms", "Shop.UIForms\Shop.UIForms\Shop.UIForms.csproj", "{2E56E78E-D779-4975-912F-25EB4627D2F7}"
EndProject
Project("{FAE04EC0-301F-11D3-BF4B-00C04F79EFBC}") = "Shop.UIClassic", "Shop.UIClassic\Shop.UIClassic.csproj", "{9C350024-571B-44BC-A7D0-124ADAB93784}"
EndProject
Project("{FAE04EC0-301F-11D3-BF4B-00C04F79EFBC}") = "Shop.UIClassic.Android", "Shop.UIClassic.Android\Shop.UIClassic.Android.csproj", "{72B843C8-5C41-40F7-8CDD-CD0659C8FFED}"
EndProject
Project("{FAE04EC0-301F-11D3-BF4B-00C04F79EFBC}") = "Shop.UIClassic.iOS", "Shop.UIClassic.iOS\Shop.UIClassic.iOS.csproj", "{80A96B52-6758-4BDB-B0B4-CEA4CA155C60}"
EndProject
Global
	GlobalSection(SolutionConfigurationPlatforms) = preSolution
		Ad-Hoc|Any CPU = Ad-Hoc|Any CPU
		Ad-Hoc|iPhone = Ad-Hoc|iPhone
		Ad-Hoc|iPhoneSimulator = Ad-Hoc|iPhoneSimulator
		AppStore|Any CPU = AppStore|Any CPU
		AppStore|iPhone = AppStore|iPhone
		AppStore|iPhoneSimulator = AppStore|iPhoneSimulator
		Debug|Any CPU = Debug|Any CPU
		Debug|iPhone = Debug|iPhone
		Debug|iPhoneSimulator = Debug|iPhoneSimulator
		Release|Any CPU = Release|Any CPU
		Release|iPhone = Release|iPhone
		Release|iPhoneSimulator = Release|iPhoneSimulator
	EndGlobalSection
	GlobalSection(ProjectConfigurationPlatforms) = postSolution
		{259C3922-4610-41B2-B59E-7E0704C0ECE1}.Ad-Hoc|Any CPU.ActiveCfg = Debug|Any CPU
		{259C3922-4610-41B2-B59E-7E0704C0ECE1}.Ad-Hoc|Any CPU.Build.0 = Debug|Any CPU
		{259C3922-4610-41B2-B59E-7E0704C0ECE1}.Ad-Hoc|iPhone.ActiveCfg = Debug|Any CPU
		{259C3922-4610-41B2-B59E-7E0704C0ECE1}.Ad-Hoc|iPhone.Build.0 = Debug|Any CPU
		{259C3922-4610-41B2-B59E-7E0704C0ECE1}.Ad-Hoc|iPhoneSimulator.ActiveCfg = Debug|Any CPU
		{259C3922-4610-41B2-B59E-7E0704C0ECE1}.Ad-Hoc|iPhoneSimulator.Build.0 = Debug|Any CPU
		{259C3922-4610-41B2-B59E-7E0704C0ECE1}.AppStore|Any CPU.ActiveCfg = Debug|Any CPU
		{259C3922-4610-41B2-B59E-7E0704C0ECE1}.AppStore|Any CPU.Build.0 = Debug|Any CPU
		{259C3922-4610-41B2-B59E-7E0704C0ECE1}.AppStore|iPhone.ActiveCfg = Debug|Any CPU
		{259C3922-4610-41B2-B59E-7E0704C0ECE1}.AppStore|iPhone.Build.0 = Debug|Any CPU
		{259C3922-4610-41B2-B59E-7E0704C0ECE1}.AppStore|iPhoneSimulator.ActiveCfg = Debug|Any CPU
		{259C3922-4610-41B2-B59E-7E0704C0ECE1}.AppStore|iPhoneSimulator.Build.0 = Debug|Any CPU
		{259C3922-4610-41B2-B59E-7E0704C0ECE1}.Debug|Any CPU.ActiveCfg = Debug|Any CPU
		{259C3922-4610-41B2-B59E-7E0704C0ECE1}.Debug|Any CPU.Build.0 = Debug|Any CPU
		{259C3922-4610-41B2-B59E-7E0704C0ECE1}.Debug|iPhone.ActiveCfg = Debug|Any CPU
		{259C3922-4610-41B2-B59E-7E0704C0ECE1}.Debug|iPhone.Build.0 = Debug|Any CPU
		{259C3922-4610-41B2-B59E-7E0704C0ECE1}.Debug|iPhoneSimulator.ActiveCfg = Debug|Any CPU
		{259C3922-4610-41B2-B59E-7E0704C0ECE1}.Debug|iPhoneSimulator.Build.0 = Debug|Any CPU
		{259C3922-4610-41B2-B59E-7E0704C0ECE1}.Release|Any CPU.ActiveCfg = Release|Any CPU
		{259C3922-4610-41B2-B59E-7E0704C0ECE1}.Release|Any CPU.Build.0 = Release|Any CPU
		{259C3922-4610-41B2-B59E-7E0704C0ECE1}.Release|iPhone.ActiveCfg = Release|Any CPU
		{259C3922-4610-41B2-B59E-7E0704C0ECE1}.Release|iPhone.Build.0 = Release|Any CPU
		{259C3922-4610-41B2-B59E-7E0704C0ECE1}.Release|iPhoneSimulator.ActiveCfg = Release|Any CPU
		{259C3922-4610-41B2-B59E-7E0704C0ECE1}.Release|iPhoneSimulator.Build.0 = Release|Any CPU
		{15333EF6-197A-48D1-844C-D94DFB1624EC}.Ad-Hoc|Any CPU.ActiveCfg = Debug|Any CPU
		{15333EF6-197A-48D1-844C-D94DFB1624EC}.Ad-Hoc|Any CPU.Build.0 = Debug|Any CPU
		{15333EF6-197A-48D1-844C-D94DFB1624EC}.Ad-Hoc|iPhone.ActiveCfg = Debug|Any CPU
		{15333EF6-197A-48D1-844C-D94DFB1624EC}.Ad-Hoc|iPhone.Build.0 = Debug|Any CPU
		{15333EF6-197A-48D1-844C-D94DFB1624EC}.Ad-Hoc|iPhoneSimulator.ActiveCfg = Debug|Any CPU
		{15333EF6-197A-48D1-844C-D94DFB1624EC}.Ad-Hoc|iPhoneSimulator.Build.0 = Debug|Any CPU
		{15333EF6-197A-48D1-844C-D94DFB1624EC}.AppStore|Any CPU.ActiveCfg = Debug|Any CPU
		{15333EF6-197A-48D1-844C-D94DFB1624EC}.AppStore|Any CPU.Build.0 = Debug|Any CPU
		{15333EF6-197A-48D1-844C-D94DFB1624EC}.AppStore|iPhone.ActiveCfg = Debug|Any CPU
		{15333EF6-197A-48D1-844C-D94DFB1624EC}.AppStore|iPhone.Build.0 = Debug|Any CPU
		{15333EF6-197A-48D1-844C-D94DFB1624EC}.AppStore|iPhoneSimulator.ActiveCfg = Debug|Any CPU
		{15333EF6-197A-48D1-844C-D94DFB1624EC}.AppStore|iPhoneSimulator.Build.0 = Debug|Any CPU
		{15333EF6-197A-48D1-844C-D94DFB1624EC}.Debug|Any CPU.ActiveCfg = Debug|Any CPU
		{15333EF6-197A-48D1-844C-D94DFB1624EC}.Debug|Any CPU.Build.0 = Debug|Any CPU
		{15333EF6-197A-48D1-844C-D94DFB1624EC}.Debug|iPhone.ActiveCfg = Debug|Any CPU
		{15333EF6-197A-48D1-844C-D94DFB1624EC}.Debug|iPhone.Build.0 = Debug|Any CPU
		{15333EF6-197A-48D1-844C-D94DFB1624EC}.Debug|iPhoneSimulator.ActiveCfg = Debug|Any CPU
		{15333EF6-197A-48D1-844C-D94DFB1624EC}.Debug|iPhoneSimulator.Build.0 = Debug|Any CPU
		{15333EF6-197A-48D1-844C-D94DFB1624EC}.Release|Any CPU.ActiveCfg = Release|Any CPU
		{15333EF6-197A-48D1-844C-D94DFB1624EC}.Release|Any CPU.Build.0 = Release|Any CPU
		{15333EF6-197A-48D1-844C-D94DFB1624EC}.Release|iPhone.ActiveCfg = Release|Any CPU
		{15333EF6-197A-48D1-844C-D94DFB1624EC}.Release|iPhone.Build.0 = Release|Any CPU
		{15333EF6-197A-48D1-844C-D94DFB1624EC}.Release|iPhoneSimulator.ActiveCfg = Release|Any CPU
		{15333EF6-197A-48D1-844C-D94DFB1624EC}.Release|iPhoneSimulator.Build.0 = Release|Any CPU
		{E5444764-5ABF-4958-AAA4-F5CAE6828518}.Ad-Hoc|Any CPU.ActiveCfg = Release|Any CPU
		{E5444764-5ABF-4958-AAA4-F5CAE6828518}.Ad-Hoc|Any CPU.Build.0 = Release|Any CPU
		{E5444764-5ABF-4958-AAA4-F5CAE6828518}.Ad-Hoc|Any CPU.Deploy.0 = Release|Any CPU
		{E5444764-5ABF-4958-AAA4-F5CAE6828518}.Ad-Hoc|iPhone.ActiveCfg = Release|Any CPU
		{E5444764-5ABF-4958-AAA4-F5CAE6828518}.Ad-Hoc|iPhone.Build.0 = Release|Any CPU
		{E5444764-5ABF-4958-AAA4-F5CAE6828518}.Ad-Hoc|iPhone.Deploy.0 = Release|Any CPU
		{E5444764-5ABF-4958-AAA4-F5CAE6828518}.Ad-Hoc|iPhoneSimulator.ActiveCfg = Release|Any CPU
		{E5444764-5ABF-4958-AAA4-F5CAE6828518}.Ad-Hoc|iPhoneSimulator.Build.0 = Release|Any CPU
		{E5444764-5ABF-4958-AAA4-F5CAE6828518}.Ad-Hoc|iPhoneSimulator.Deploy.0 = Release|Any CPU
		{E5444764-5ABF-4958-AAA4-F5CAE6828518}.AppStore|Any CPU.ActiveCfg = Release|Any CPU
		{E5444764-5ABF-4958-AAA4-F5CAE6828518}.AppStore|Any CPU.Build.0 = Release|Any CPU
		{E5444764-5ABF-4958-AAA4-F5CAE6828518}.AppStore|Any CPU.Deploy.0 = Release|Any CPU
		{E5444764-5ABF-4958-AAA4-F5CAE6828518}.AppStore|iPhone.ActiveCfg = Release|Any CPU
		{E5444764-5ABF-4958-AAA4-F5CAE6828518}.AppStore|iPhone.Build.0 = Release|Any CPU
		{E5444764-5ABF-4958-AAA4-F5CAE6828518}.AppStore|iPhone.Deploy.0 = Release|Any CPU
		{E5444764-5ABF-4958-AAA4-F5CAE6828518}.AppStore|iPhoneSimulator.ActiveCfg = Release|Any CPU
		{E5444764-5ABF-4958-AAA4-F5CAE6828518}.AppStore|iPhoneSimulator.Build.0 = Release|Any CPU
		{E5444764-5ABF-4958-AAA4-F5CAE6828518}.AppStore|iPhoneSimulator.Deploy.0 = Release|Any CPU
		{E5444764-5ABF-4958-AAA4-F5CAE6828518}.Debug|Any CPU.ActiveCfg = Debug|Any CPU
		{E5444764-5ABF-4958-AAA4-F5CAE6828518}.Debug|Any CPU.Build.0 = Debug|Any CPU
		{E5444764-5ABF-4958-AAA4-F5CAE6828518}.Debug|Any CPU.Deploy.0 = Debug|Any CPU
		{E5444764-5ABF-4958-AAA4-F5CAE6828518}.Debug|iPhone.ActiveCfg = Debug|Any CPU
		{E5444764-5ABF-4958-AAA4-F5CAE6828518}.Debug|iPhone.Build.0 = Debug|Any CPU
		{E5444764-5ABF-4958-AAA4-F5CAE6828518}.Debug|iPhone.Deploy.0 = Debug|Any CPU
		{E5444764-5ABF-4958-AAA4-F5CAE6828518}.Debug|iPhoneSimulator.ActiveCfg = Debug|Any CPU
		{E5444764-5ABF-4958-AAA4-F5CAE6828518}.Debug|iPhoneSimulator.Build.0 = Debug|Any CPU
		{E5444764-5ABF-4958-AAA4-F5CAE6828518}.Debug|iPhoneSimulator.Deploy.0 = Debug|Any CPU
		{E5444764-5ABF-4958-AAA4-F5CAE6828518}.Release|Any CPU.ActiveCfg = Release|Any CPU
		{E5444764-5ABF-4958-AAA4-F5CAE6828518}.Release|Any CPU.Build.0 = Release|Any CPU
		{E5444764-5ABF-4958-AAA4-F5CAE6828518}.Release|Any CPU.Deploy.0 = Release|Any CPU
		{E5444764-5ABF-4958-AAA4-F5CAE6828518}.Release|iPhone.ActiveCfg = Release|Any CPU
		{E5444764-5ABF-4958-AAA4-F5CAE6828518}.Release|iPhone.Build.0 = Release|Any CPU
		{E5444764-5ABF-4958-AAA4-F5CAE6828518}.Release|iPhone.Deploy.0 = Release|Any CPU
		{E5444764-5ABF-4958-AAA4-F5CAE6828518}.Release|iPhoneSimulator.ActiveCfg = Release|Any CPU
		{E5444764-5ABF-4958-AAA4-F5CAE6828518}.Release|iPhoneSimulator.Build.0 = Release|Any CPU
		{E5444764-5ABF-4958-AAA4-F5CAE6828518}.Release|iPhoneSimulator.Deploy.0 = Release|Any CPU
		{DD93AA60-D82F-4284-83A4-3F7029FF7B30}.Ad-Hoc|Any CPU.ActiveCfg = Ad-Hoc|iPhone
		{DD93AA60-D82F-4284-83A4-3F7029FF7B30}.Ad-Hoc|iPhone.ActiveCfg = Ad-Hoc|iPhone
		{DD93AA60-D82F-4284-83A4-3F7029FF7B30}.Ad-Hoc|iPhone.Build.0 = Ad-Hoc|iPhone
		{DD93AA60-D82F-4284-83A4-3F7029FF7B30}.Ad-Hoc|iPhoneSimulator.ActiveCfg = Ad-Hoc|iPhoneSimulator
		{DD93AA60-D82F-4284-83A4-3F7029FF7B30}.Ad-Hoc|iPhoneSimulator.Build.0 = Ad-Hoc|iPhoneSimulator
		{DD93AA60-D82F-4284-83A4-3F7029FF7B30}.AppStore|Any CPU.ActiveCfg = AppStore|iPhone
		{DD93AA60-D82F-4284-83A4-3F7029FF7B30}.AppStore|iPhone.ActiveCfg = AppStore|iPhone
		{DD93AA60-D82F-4284-83A4-3F7029FF7B30}.AppStore|iPhone.Build.0 = AppStore|iPhone
		{DD93AA60-D82F-4284-83A4-3F7029FF7B30}.AppStore|iPhoneSimulator.ActiveCfg = AppStore|iPhoneSimulator
		{DD93AA60-D82F-4284-83A4-3F7029FF7B30}.AppStore|iPhoneSimulator.Build.0 = AppStore|iPhoneSimulator
		{DD93AA60-D82F-4284-83A4-3F7029FF7B30}.Debug|Any CPU.ActiveCfg = Debug|iPhone
		{DD93AA60-D82F-4284-83A4-3F7029FF7B30}.Debug|iPhone.ActiveCfg = Debug|iPhone
		{DD93AA60-D82F-4284-83A4-3F7029FF7B30}.Debug|iPhone.Build.0 = Debug|iPhone
		{DD93AA60-D82F-4284-83A4-3F7029FF7B30}.Debug|iPhoneSimulator.ActiveCfg = Debug|iPhoneSimulator
		{DD93AA60-D82F-4284-83A4-3F7029FF7B30}.Debug|iPhoneSimulator.Build.0 = Debug|iPhoneSimulator
		{DD93AA60-D82F-4284-83A4-3F7029FF7B30}.Release|Any CPU.ActiveCfg = Release|iPhone
		{DD93AA60-D82F-4284-83A4-3F7029FF7B30}.Release|iPhone.ActiveCfg = Release|iPhone
		{DD93AA60-D82F-4284-83A4-3F7029FF7B30}.Release|iPhone.Build.0 = Release|iPhone
		{DD93AA60-D82F-4284-83A4-3F7029FF7B30}.Release|iPhoneSimulator.ActiveCfg = Release|iPhoneSimulator
		{DD93AA60-D82F-4284-83A4-3F7029FF7B30}.Release|iPhoneSimulator.Build.0 = Release|iPhoneSimulator
		{2E56E78E-D779-4975-912F-25EB4627D2F7}.Ad-Hoc|Any CPU.ActiveCfg = Debug|Any CPU
		{2E56E78E-D779-4975-912F-25EB4627D2F7}.Ad-Hoc|Any CPU.Build.0 = Debug|Any CPU
		{2E56E78E-D779-4975-912F-25EB4627D2F7}.Ad-Hoc|iPhone.ActiveCfg = Debug|Any CPU
		{2E56E78E-D779-4975-912F-25EB4627D2F7}.Ad-Hoc|iPhone.Build.0 = Debug|Any CPU
		{2E56E78E-D779-4975-912F-25EB4627D2F7}.Ad-Hoc|iPhoneSimulator.ActiveCfg = Debug|Any CPU
		{2E56E78E-D779-4975-912F-25EB4627D2F7}.Ad-Hoc|iPhoneSimulator.Build.0 = Debug|Any CPU
		{2E56E78E-D779-4975-912F-25EB4627D2F7}.AppStore|Any CPU.ActiveCfg = Debug|Any CPU
		{2E56E78E-D779-4975-912F-25EB4627D2F7}.AppStore|Any CPU.Build.0 = Debug|Any CPU
		{2E56E78E-D779-4975-912F-25EB4627D2F7}.AppStore|iPhone.ActiveCfg = Debug|Any CPU
		{2E56E78E-D779-4975-912F-25EB4627D2F7}.AppStore|iPhone.Build.0 = Debug|Any CPU
		{2E56E78E-D779-4975-912F-25EB4627D2F7}.AppStore|iPhoneSimulator.ActiveCfg = Debug|Any CPU
		{2E56E78E-D779-4975-912F-25EB4627D2F7}.AppStore|iPhoneSimulator.Build.0 = Debug|Any CPU
		{2E56E78E-D779-4975-912F-25EB4627D2F7}.Debug|Any CPU.ActiveCfg = Debug|Any CPU
		{2E56E78E-D779-4975-912F-25EB4627D2F7}.Debug|Any CPU.Build.0 = Debug|Any CPU
		{2E56E78E-D779-4975-912F-25EB4627D2F7}.Debug|iPhone.ActiveCfg = Debug|Any CPU
		{2E56E78E-D779-4975-912F-25EB4627D2F7}.Debug|iPhone.Build.0 = Debug|Any CPU
		{2E56E78E-D779-4975-912F-25EB4627D2F7}.Debug|iPhoneSimulator.ActiveCfg = Debug|Any CPU
		{2E56E78E-D779-4975-912F-25EB4627D2F7}.Debug|iPhoneSimulator.Build.0 = Debug|Any CPU
		{2E56E78E-D779-4975-912F-25EB4627D2F7}.Release|Any CPU.ActiveCfg = Release|Any CPU
		{2E56E78E-D779-4975-912F-25EB4627D2F7}.Release|Any CPU.Build.0 = Release|Any CPU
		{2E56E78E-D779-4975-912F-25EB4627D2F7}.Release|iPhone.ActiveCfg = Release|Any CPU
		{2E56E78E-D779-4975-912F-25EB4627D2F7}.Release|iPhone.Build.0 = Release|Any CPU
		{2E56E78E-D779-4975-912F-25EB4627D2F7}.Release|iPhoneSimulator.ActiveCfg = Release|Any CPU
		{2E56E78E-D779-4975-912F-25EB4627D2F7}.Release|iPhoneSimulator.Build.0 = Release|Any CPU
		{9C350024-571B-44BC-A7D0-124ADAB93784}.Ad-Hoc|Any CPU.ActiveCfg = Debug|Any CPU
		{9C350024-571B-44BC-A7D0-124ADAB93784}.Ad-Hoc|Any CPU.Build.0 = Debug|Any CPU
		{9C350024-571B-44BC-A7D0-124ADAB93784}.Ad-Hoc|iPhone.ActiveCfg = Debug|Any CPU
		{9C350024-571B-44BC-A7D0-124ADAB93784}.Ad-Hoc|iPhone.Build.0 = Debug|Any CPU
		{9C350024-571B-44BC-A7D0-124ADAB93784}.Ad-Hoc|iPhoneSimulator.ActiveCfg = Debug|Any CPU
		{9C350024-571B-44BC-A7D0-124ADAB93784}.Ad-Hoc|iPhoneSimulator.Build.0 = Debug|Any CPU
		{9C350024-571B-44BC-A7D0-124ADAB93784}.AppStore|Any CPU.ActiveCfg = Debug|Any CPU
		{9C350024-571B-44BC-A7D0-124ADAB93784}.AppStore|Any CPU.Build.0 = Debug|Any CPU
		{9C350024-571B-44BC-A7D0-124ADAB93784}.AppStore|iPhone.ActiveCfg = Debug|Any CPU
		{9C350024-571B-44BC-A7D0-124ADAB93784}.AppStore|iPhone.Build.0 = Debug|Any CPU
		{9C350024-571B-44BC-A7D0-124ADAB93784}.AppStore|iPhoneSimulator.ActiveCfg = Debug|Any CPU
		{9C350024-571B-44BC-A7D0-124ADAB93784}.AppStore|iPhoneSimulator.Build.0 = Debug|Any CPU
		{9C350024-571B-44BC-A7D0-124ADAB93784}.Debug|Any CPU.ActiveCfg = Debug|Any CPU
		{9C350024-571B-44BC-A7D0-124ADAB93784}.Debug|Any CPU.Build.0 = Debug|Any CPU
		{9C350024-571B-44BC-A7D0-124ADAB93784}.Debug|iPhone.ActiveCfg = Debug|Any CPU
		{9C350024-571B-44BC-A7D0-124ADAB93784}.Debug|iPhone.Build.0 = Debug|Any CPU
		{9C350024-571B-44BC-A7D0-124ADAB93784}.Debug|iPhoneSimulator.ActiveCfg = Debug|Any CPU
		{9C350024-571B-44BC-A7D0-124ADAB93784}.Debug|iPhoneSimulator.Build.0 = Debug|Any CPU
		{9C350024-571B-44BC-A7D0-124ADAB93784}.Release|Any CPU.ActiveCfg = Release|Any CPU
		{9C350024-571B-44BC-A7D0-124ADAB93784}.Release|Any CPU.Build.0 = Release|Any CPU
		{9C350024-571B-44BC-A7D0-124ADAB93784}.Release|iPhone.ActiveCfg = Release|Any CPU
		{9C350024-571B-44BC-A7D0-124ADAB93784}.Release|iPhone.Build.0 = Release|Any CPU
		{9C350024-571B-44BC-A7D0-124ADAB93784}.Release|iPhoneSimulator.ActiveCfg = Release|Any CPU
		{9C350024-571B-44BC-A7D0-124ADAB93784}.Release|iPhoneSimulator.Build.0 = Release|Any CPU
		{72B843C8-5C41-40F7-8CDD-CD0659C8FFED}.Ad-Hoc|Any CPU.ActiveCfg = Release|Any CPU
		{72B843C8-5C41-40F7-8CDD-CD0659C8FFED}.Ad-Hoc|Any CPU.Build.0 = Release|Any CPU
		{72B843C8-5C41-40F7-8CDD-CD0659C8FFED}.Ad-Hoc|Any CPU.Deploy.0 = Release|Any CPU
		{72B843C8-5C41-40F7-8CDD-CD0659C8FFED}.Ad-Hoc|iPhone.ActiveCfg = Release|Any CPU
		{72B843C8-5C41-40F7-8CDD-CD0659C8FFED}.Ad-Hoc|iPhone.Build.0 = Release|Any CPU
		{72B843C8-5C41-40F7-8CDD-CD0659C8FFED}.Ad-Hoc|iPhone.Deploy.0 = Release|Any CPU
		{72B843C8-5C41-40F7-8CDD-CD0659C8FFED}.Ad-Hoc|iPhoneSimulator.ActiveCfg = Release|Any CPU
		{72B843C8-5C41-40F7-8CDD-CD0659C8FFED}.Ad-Hoc|iPhoneSimulator.Build.0 = Release|Any CPU
		{72B843C8-5C41-40F7-8CDD-CD0659C8FFED}.Ad-Hoc|iPhoneSimulator.Deploy.0 = Release|Any CPU
		{72B843C8-5C41-40F7-8CDD-CD0659C8FFED}.AppStore|Any CPU.ActiveCfg = Release|Any CPU
		{72B843C8-5C41-40F7-8CDD-CD0659C8FFED}.AppStore|Any CPU.Build.0 = Release|Any CPU
		{72B843C8-5C41-40F7-8CDD-CD0659C8FFED}.AppStore|Any CPU.Deploy.0 = Release|Any CPU
		{72B843C8-5C41-40F7-8CDD-CD0659C8FFED}.AppStore|iPhone.ActiveCfg = Release|Any CPU
		{72B843C8-5C41-40F7-8CDD-CD0659C8FFED}.AppStore|iPhone.Build.0 = Release|Any CPU
		{72B843C8-5C41-40F7-8CDD-CD0659C8FFED}.AppStore|iPhone.Deploy.0 = Release|Any CPU
		{72B843C8-5C41-40F7-8CDD-CD0659C8FFED}.AppStore|iPhoneSimulator.ActiveCfg = Release|Any CPU
		{72B843C8-5C41-40F7-8CDD-CD0659C8FFED}.AppStore|iPhoneSimulator.Build.0 = Release|Any CPU
		{72B843C8-5C41-40F7-8CDD-CD0659C8FFED}.AppStore|iPhoneSimulator.Deploy.0 = Release|Any CPU
		{72B843C8-5C41-40F7-8CDD-CD0659C8FFED}.Debug|Any CPU.ActiveCfg = Debug|Any CPU
		{72B843C8-5C41-40F7-8CDD-CD0659C8FFED}.Debug|Any CPU.Build.0 = Debug|Any CPU
		{72B843C8-5C41-40F7-8CDD-CD0659C8FFED}.Debug|Any CPU.Deploy.0 = Debug|Any CPU
		{72B843C8-5C41-40F7-8CDD-CD0659C8FFED}.Debug|iPhone.ActiveCfg = Debug|Any CPU
		{72B843C8-5C41-40F7-8CDD-CD0659C8FFED}.Debug|iPhone.Build.0 = Debug|Any CPU
		{72B843C8-5C41-40F7-8CDD-CD0659C8FFED}.Debug|iPhone.Deploy.0 = Debug|Any CPU
		{72B843C8-5C41-40F7-8CDD-CD0659C8FFED}.Debug|iPhoneSimulator.ActiveCfg = Debug|Any CPU
		{72B843C8-5C41-40F7-8CDD-CD0659C8FFED}.Debug|iPhoneSimulator.Build.0 = Debug|Any CPU
		{72B843C8-5C41-40F7-8CDD-CD0659C8FFED}.Debug|iPhoneSimulator.Deploy.0 = Debug|Any CPU
		{72B843C8-5C41-40F7-8CDD-CD0659C8FFED}.Release|Any CPU.ActiveCfg = Release|Any CPU
		{72B843C8-5C41-40F7-8CDD-CD0659C8FFED}.Release|Any CPU.Build.0 = Release|Any CPU
		{72B843C8-5C41-40F7-8CDD-CD0659C8FFED}.Release|Any CPU.Deploy.0 = Release|Any CPU
		{72B843C8-5C41-40F7-8CDD-CD0659C8FFED}.Release|iPhone.ActiveCfg = Release|Any CPU
		{72B843C8-5C41-40F7-8CDD-CD0659C8FFED}.Release|iPhone.Build.0 = Release|Any CPU
		{72B843C8-5C41-40F7-8CDD-CD0659C8FFED}.Release|iPhone.Deploy.0 = Release|Any CPU
		{72B843C8-5C41-40F7-8CDD-CD0659C8FFED}.Release|iPhoneSimulator.ActiveCfg = Release|Any CPU
		{72B843C8-5C41-40F7-8CDD-CD0659C8FFED}.Release|iPhoneSimulator.Build.0 = Release|Any CPU
		{72B843C8-5C41-40F7-8CDD-CD0659C8FFED}.Release|iPhoneSimulator.Deploy.0 = Release|Any CPU
		{80A96B52-6758-4BDB-B0B4-CEA4CA155C60}.Ad-Hoc|Any CPU.ActiveCfg = Release|iPhone
		{80A96B52-6758-4BDB-B0B4-CEA4CA155C60}.Ad-Hoc|Any CPU.Build.0 = Release|iPhone
		{80A96B52-6758-4BDB-B0B4-CEA4CA155C60}.Ad-Hoc|iPhone.ActiveCfg = Release|iPhone
		{80A96B52-6758-4BDB-B0B4-CEA4CA155C60}.Ad-Hoc|iPhone.Build.0 = Release|iPhone
		{80A96B52-6758-4BDB-B0B4-CEA4CA155C60}.Ad-Hoc|iPhoneSimulator.ActiveCfg = Release|iPhoneSimulator
		{80A96B52-6758-4BDB-B0B4-CEA4CA155C60}.Ad-Hoc|iPhoneSimulator.Build.0 = Release|iPhoneSimulator
		{80A96B52-6758-4BDB-B0B4-CEA4CA155C60}.AppStore|Any CPU.ActiveCfg = Release|iPhone
		{80A96B52-6758-4BDB-B0B4-CEA4CA155C60}.AppStore|Any CPU.Build.0 = Release|iPhone
		{80A96B52-6758-4BDB-B0B4-CEA4CA155C60}.AppStore|iPhone.ActiveCfg = Release|iPhone
		{80A96B52-6758-4BDB-B0B4-CEA4CA155C60}.AppStore|iPhone.Build.0 = Release|iPhone
		{80A96B52-6758-4BDB-B0B4-CEA4CA155C60}.AppStore|iPhoneSimulator.ActiveCfg = Release|iPhoneSimulator
		{80A96B52-6758-4BDB-B0B4-CEA4CA155C60}.AppStore|iPhoneSimulator.Build.0 = Release|iPhoneSimulator
		{80A96B52-6758-4BDB-B0B4-CEA4CA155C60}.Debug|Any CPU.ActiveCfg = Debug|iPhone
		{80A96B52-6758-4BDB-B0B4-CEA4CA155C60}.Debug|iPhone.ActiveCfg = Debug|iPhone
		{80A96B52-6758-4BDB-B0B4-CEA4CA155C60}.Debug|iPhone.Build.0 = Debug|iPhone
		{80A96B52-6758-4BDB-B0B4-CEA4CA155C60}.Debug|iPhoneSimulator.ActiveCfg = Debug|iPhoneSimulator
		{80A96B52-6758-4BDB-B0B4-CEA4CA155C60}.Debug|iPhoneSimulator.Build.0 = Debug|iPhoneSimulator
		{80A96B52-6758-4BDB-B0B4-CEA4CA155C60}.Release|Any CPU.ActiveCfg = Release|iPhone
		{80A96B52-6758-4BDB-B0B4-CEA4CA155C60}.Release|iPhone.ActiveCfg = Release|iPhone
		{80A96B52-6758-4BDB-B0B4-CEA4CA155C60}.Release|iPhone.Build.0 = Release|iPhone
		{80A96B52-6758-4BDB-B0B4-CEA4CA155C60}.Release|iPhoneSimulator.ActiveCfg = Release|iPhoneSimulator
		{80A96B52-6758-4BDB-B0B4-CEA4CA155C60}.Release|iPhoneSimulator.Build.0 = Release|iPhoneSimulator
	EndGlobalSection
	GlobalSection(SolutionProperties) = preSolution
		HideSolutionNode = FALSE
	EndGlobalSection
	GlobalSection(NestedProjects) = preSolution
		{15333EF6-197A-48D1-844C-D94DFB1624EC} = {778CC2ED-6D19-4BDF-9D6E-A9CA5FD3D00A}
		{2A3D374A-287A-48E0-AAB6-DDBAEDFF205E} = {F4636529-0300-4F1A-B567-0BDBC51FE69D}
		{496C0F88-53CD-48ED-A202-CB43796B1C0D} = {F4636529-0300-4F1A-B567-0BDBC51FE69D}
		{E5444764-5ABF-4958-AAA4-F5CAE6828518} = {2A3D374A-287A-48E0-AAB6-DDBAEDFF205E}
		{DD93AA60-D82F-4284-83A4-3F7029FF7B30} = {2A3D374A-287A-48E0-AAB6-DDBAEDFF205E}
		{2E56E78E-D779-4975-912F-25EB4627D2F7} = {2A3D374A-287A-48E0-AAB6-DDBAEDFF205E}
		{9C350024-571B-44BC-A7D0-124ADAB93784} = {496C0F88-53CD-48ED-A202-CB43796B1C0D}
		{72B843C8-5C41-40F7-8CDD-CD0659C8FFED} = {496C0F88-53CD-48ED-A202-CB43796B1C0D}
		{80A96B52-6758-4BDB-B0B4-CEA4CA155C60} = {496C0F88-53CD-48ED-A202-CB43796B1C0D}
	EndGlobalSection
	GlobalSection(ExtensibilityGlobals) = postSolution
		SolutionGuid = {5E9D1CCF-F2B9-4583-BD52-E9D604A68282}
	EndGlobalSection
EndGlobal
